// !$*UTF8*$!
{
	archiveVersion = 1;
	classes = {
	};
	objectVersion = 55;
	objects = {

/* Begin PBXBuildFile section */
		2E9D2C9B27F164CF008C96D2 /* GifUtils.swift in Sources */ = {isa = PBXBuildFile; fileRef = 2E9D2C9A27F164CF008C96D2 /* GifUtils.swift */; };
		2E9D2C9D27F16610008C96D2 /* GifViewModel.swift in Sources */ = {isa = PBXBuildFile; fileRef = 2E9D2C9C27F16610008C96D2 /* GifViewModel.swift */; };
		2E9D2CA027F170A9008C96D2 /* NetworkManager.swift in Sources */ = {isa = PBXBuildFile; fileRef = 2E9D2C9E27F170A9008C96D2 /* NetworkManager.swift */; };
		2E9D2CA427F225F1008C96D2 /* DataProvider.swift in Sources */ = {isa = PBXBuildFile; fileRef = 2E9D2CA327F225F1008C96D2 /* DataProvider.swift */; };
		2E9D2CA727F227A4008C96D2 /* NetworkManagerMock.swift in Sources */ = {isa = PBXBuildFile; fileRef = 2E9D2CA627F227A4008C96D2 /* NetworkManagerMock.swift */; };
		8C965AA527EE97AE00E6CBB1 /* FavoriteView.swift in Sources */ = {isa = PBXBuildFile; fileRef = 8C965AA427EE97AE00E6CBB1 /* FavoriteView.swift */; };
		8C965AA727EE97E100E6CBB1 /* MainView.swift in Sources */ = {isa = PBXBuildFile; fileRef = 8C965AA627EE97E100E6CBB1 /* MainView.swift */; };
		8C965AA927EEA33600E6CBB1 /* FavoriteViewModel.swift in Sources */ = {isa = PBXBuildFile; fileRef = 8C965AA827EEA33600E6CBB1 /* FavoriteViewModel.swift */; };
		8C965AAC27EEA81B00E6CBB1 /* FavoriteGifLocalDataSource.swift in Sources */ = {isa = PBXBuildFile; fileRef = 8C965AAB27EEA81B00E6CBB1 /* FavoriteGifLocalDataSource.swift */; };
		8C965AAE27EF738200E6CBB1 /* UserDefaultUtils.swift in Sources */ = {isa = PBXBuildFile; fileRef = 8C965AAD27EF738200E6CBB1 /* UserDefaultUtils.swift */; };
		8CAC61E827EE53C8007279A6 /* GifView.swift in Sources */ = {isa = PBXBuildFile; fileRef = 8CAC61E727EE53C8007279A6 /* GifView.swift */; };
		8CCB337A27EE10C600D5E0F7 /* giphyFreshApp.swift in Sources */ = {isa = PBXBuildFile; fileRef = 8CCB337927EE10C600D5E0F7 /* giphyFreshApp.swift */; };
		8CCB337C27EE10C600D5E0F7 /* ContentView.swift in Sources */ = {isa = PBXBuildFile; fileRef = 8CCB337B27EE10C600D5E0F7 /* ContentView.swift */; };
		8CCB337E27EE10C700D5E0F7 /* Assets.xcassets in Resources */ = {isa = PBXBuildFile; fileRef = 8CCB337D27EE10C700D5E0F7 /* Assets.xcassets */; };
		8CCB338127EE10C700D5E0F7 /* Preview Assets.xcassets in Resources */ = {isa = PBXBuildFile; fileRef = 8CCB338027EE10C700D5E0F7 /* Preview Assets.xcassets */; };
		8CCB338327EE10C700D5E0F7 /* Persistence.swift in Sources */ = {isa = PBXBuildFile; fileRef = 8CCB338227EE10C700D5E0F7 /* Persistence.swift */; };
		8CCB338627EE10C700D5E0F7 /* giphyFresh.xcdatamodeld in Sources */ = {isa = PBXBuildFile; fileRef = 8CCB338427EE10C700D5E0F7 /* giphyFresh.xcdatamodeld */; };
		8CCB339027EE10C700D5E0F7 /* giphyFreshTests.swift in Sources */ = {isa = PBXBuildFile; fileRef = 8CCB338F27EE10C700D5E0F7 /* giphyFreshTests.swift */; };
		8CCB339A27EE10C800D5E0F7 /* giphyFreshUITests.swift in Sources */ = {isa = PBXBuildFile; fileRef = 8CCB339927EE10C800D5E0F7 /* giphyFreshUITests.swift */; };
		8CCB339C27EE10C800D5E0F7 /* giphyFreshUITestsLaunchTests.swift in Sources */ = {isa = PBXBuildFile; fileRef = 8CCB339B27EE10C800D5E0F7 /* giphyFreshUITestsLaunchTests.swift */; };
		8CCB33AB27EE1B9400D5E0F7 /* TrendingResponseModel.swift in Sources */ = {isa = PBXBuildFile; fileRef = 8CCB33AA27EE1B9400D5E0F7 /* TrendingResponseModel.swift */; };
		8CCB33AE27EE1C6E00D5E0F7 /* DataTrendingModel.swift in Sources */ = {isa = PBXBuildFile; fileRef = 8CCB33AD27EE1C6E00D5E0F7 /* DataTrendingModel.swift */; };
		8CCB33B027EE1C8E00D5E0F7 /* AnalyticsModel.swift in Sources */ = {isa = PBXBuildFile; fileRef = 8CCB33AF27EE1C8E00D5E0F7 /* AnalyticsModel.swift */; };
		8CCB33B227EE1CE000D5E0F7 /* OnClickModel.swift in Sources */ = {isa = PBXBuildFile; fileRef = 8CCB33B127EE1CE000D5E0F7 /* OnClickModel.swift */; };
		8CCB33B427EE1D1700D5E0F7 /* ImagesModel.swift in Sources */ = {isa = PBXBuildFile; fileRef = 8CCB33B327EE1D1700D5E0F7 /* ImagesModel.swift */; };
		8CCB33B627EE1D7400D5E0F7 /* OtherModels.swift in Sources */ = {isa = PBXBuildFile; fileRef = 8CCB33B527EE1D7400D5E0F7 /* OtherModels.swift */; };
		8CCB33B827EE1DC000D5E0F7 /* UserModel.swift in Sources */ = {isa = PBXBuildFile; fileRef = 8CCB33B727EE1DC000D5E0F7 /* UserModel.swift */; };
		8CCB33BA27EE1DF700D5E0F7 /* PaginationModel.swift in Sources */ = {isa = PBXBuildFile; fileRef = 8CCB33B927EE1DF700D5E0F7 /* PaginationModel.swift */; };
		8CCB33BF27EE3F2C00D5E0F7 /* GifMainViewModel.swift in Sources */ = {isa = PBXBuildFile; fileRef = 8CCB33BE27EE3F2C00D5E0F7 /* GifMainViewModel.swift */; };
/* End PBXBuildFile section */

/* Begin PBXContainerItemProxy section */
		8CCB338C27EE10C700D5E0F7 /* PBXContainerItemProxy */ = {
			isa = PBXContainerItemProxy;
			containerPortal = 8CCB336E27EE10C600D5E0F7 /* Project object */;
			proxyType = 1;
			remoteGlobalIDString = 8CCB337527EE10C600D5E0F7;
			remoteInfo = giphyFresh;
		};
		8CCB339627EE10C700D5E0F7 /* PBXContainerItemProxy */ = {
			isa = PBXContainerItemProxy;
			containerPortal = 8CCB336E27EE10C600D5E0F7 /* Project object */;
			proxyType = 1;
			remoteGlobalIDString = 8CCB337527EE10C600D5E0F7;
			remoteInfo = giphyFresh;
		};
/* End PBXContainerItemProxy section */

/* Begin PBXFileReference section */
		2E9D2C9A27F164CF008C96D2 /* GifUtils.swift */ = {isa = PBXFileReference; lastKnownFileType = sourcecode.swift; path = GifUtils.swift; sourceTree = "<group>"; };
		2E9D2C9C27F16610008C96D2 /* GifViewModel.swift */ = {isa = PBXFileReference; lastKnownFileType = sourcecode.swift; path = GifViewModel.swift; sourceTree = "<group>"; };
		2E9D2C9E27F170A9008C96D2 /* NetworkManager.swift */ = {isa = PBXFileReference; fileEncoding = 4; lastKnownFileType = sourcecode.swift; name = NetworkManager.swift; path = ../../../../../.Trash/NetworkManager.swift; sourceTree = "<group>"; };
		2E9D2CA327F225F1008C96D2 /* DataProvider.swift */ = {isa = PBXFileReference; lastKnownFileType = sourcecode.swift; name = DataProvider.swift; path = giphyFresh/ViewModel/DataProvider.swift; sourceTree = SOURCE_ROOT; };
		2E9D2CA627F227A4008C96D2 /* NetworkManagerMock.swift */ = {isa = PBXFileReference; lastKnownFileType = sourcecode.swift; path = NetworkManagerMock.swift; sourceTree = "<group>"; };
		8C965AA427EE97AE00E6CBB1 /* FavoriteView.swift */ = {isa = PBXFileReference; lastKnownFileType = sourcecode.swift; path = FavoriteView.swift; sourceTree = "<group>"; };
		8C965AA627EE97E100E6CBB1 /* MainView.swift */ = {isa = PBXFileReference; lastKnownFileType = sourcecode.swift; path = MainView.swift; sourceTree = "<group>"; };
		8C965AA827EEA33600E6CBB1 /* FavoriteViewModel.swift */ = {isa = PBXFileReference; lastKnownFileType = sourcecode.swift; path = FavoriteViewModel.swift; sourceTree = "<group>"; };
		8C965AAB27EEA81B00E6CBB1 /* FavoriteGifLocalDataSource.swift */ = {isa = PBXFileReference; lastKnownFileType = sourcecode.swift; path = FavoriteGifLocalDataSource.swift; sourceTree = "<group>"; };
		8C965AAD27EF738200E6CBB1 /* UserDefaultUtils.swift */ = {isa = PBXFileReference; lastKnownFileType = sourcecode.swift; path = UserDefaultUtils.swift; sourceTree = "<group>"; };
		8CAC61E727EE53C8007279A6 /* GifView.swift */ = {isa = PBXFileReference; lastKnownFileType = sourcecode.swift; path = GifView.swift; sourceTree = "<group>"; };
		8CCB337627EE10C600D5E0F7 /* giphyFresh.app */ = {isa = PBXFileReference; explicitFileType = wrapper.application; includeInIndex = 0; path = giphyFresh.app; sourceTree = BUILT_PRODUCTS_DIR; };
		8CCB337927EE10C600D5E0F7 /* giphyFreshApp.swift */ = {isa = PBXFileReference; lastKnownFileType = sourcecode.swift; path = giphyFreshApp.swift; sourceTree = "<group>"; };
		8CCB337B27EE10C600D5E0F7 /* ContentView.swift */ = {isa = PBXFileReference; lastKnownFileType = sourcecode.swift; path = ContentView.swift; sourceTree = "<group>"; };
		8CCB337D27EE10C700D5E0F7 /* Assets.xcassets */ = {isa = PBXFileReference; lastKnownFileType = folder.assetcatalog; path = Assets.xcassets; sourceTree = "<group>"; };
		8CCB338027EE10C700D5E0F7 /* Preview Assets.xcassets */ = {isa = PBXFileReference; lastKnownFileType = folder.assetcatalog; path = "Preview Assets.xcassets"; sourceTree = "<group>"; };
		8CCB338227EE10C700D5E0F7 /* Persistence.swift */ = {isa = PBXFileReference; lastKnownFileType = sourcecode.swift; path = Persistence.swift; sourceTree = "<group>"; };
		8CCB338527EE10C700D5E0F7 /* giphyFresh.xcdatamodel */ = {isa = PBXFileReference; lastKnownFileType = wrapper.xcdatamodel; path = giphyFresh.xcdatamodel; sourceTree = "<group>"; };
		8CCB338B27EE10C700D5E0F7 /* giphyFreshTests.xctest */ = {isa = PBXFileReference; explicitFileType = wrapper.cfbundle; includeInIndex = 0; path = giphyFreshTests.xctest; sourceTree = BUILT_PRODUCTS_DIR; };
		8CCB338F27EE10C700D5E0F7 /* giphyFreshTests.swift */ = {isa = PBXFileReference; lastKnownFileType = sourcecode.swift; path = giphyFreshTests.swift; sourceTree = "<group>"; };
		8CCB339527EE10C700D5E0F7 /* giphyFreshUITests.xctest */ = {isa = PBXFileReference; explicitFileType = wrapper.cfbundle; includeInIndex = 0; path = giphyFreshUITests.xctest; sourceTree = BUILT_PRODUCTS_DIR; };
		8CCB339927EE10C800D5E0F7 /* giphyFreshUITests.swift */ = {isa = PBXFileReference; lastKnownFileType = sourcecode.swift; path = giphyFreshUITests.swift; sourceTree = "<group>"; };
		8CCB339B27EE10C800D5E0F7 /* giphyFreshUITestsLaunchTests.swift */ = {isa = PBXFileReference; lastKnownFileType = sourcecode.swift; path = giphyFreshUITestsLaunchTests.swift; sourceTree = "<group>"; };
		8CCB33AA27EE1B9400D5E0F7 /* TrendingResponseModel.swift */ = {isa = PBXFileReference; lastKnownFileType = sourcecode.swift; path = TrendingResponseModel.swift; sourceTree = "<group>"; };
		8CCB33AD27EE1C6E00D5E0F7 /* DataTrendingModel.swift */ = {isa = PBXFileReference; lastKnownFileType = sourcecode.swift; path = DataTrendingModel.swift; sourceTree = "<group>"; };
		8CCB33AF27EE1C8E00D5E0F7 /* AnalyticsModel.swift */ = {isa = PBXFileReference; lastKnownFileType = sourcecode.swift; path = AnalyticsModel.swift; sourceTree = "<group>"; };
		8CCB33B127EE1CE000D5E0F7 /* OnClickModel.swift */ = {isa = PBXFileReference; lastKnownFileType = sourcecode.swift; path = OnClickModel.swift; sourceTree = "<group>"; };
		8CCB33B327EE1D1700D5E0F7 /* ImagesModel.swift */ = {isa = PBXFileReference; lastKnownFileType = sourcecode.swift; path = ImagesModel.swift; sourceTree = "<group>"; };
		8CCB33B527EE1D7400D5E0F7 /* OtherModels.swift */ = {isa = PBXFileReference; lastKnownFileType = sourcecode.swift; path = OtherModels.swift; sourceTree = "<group>"; };
		8CCB33B727EE1DC000D5E0F7 /* UserModel.swift */ = {isa = PBXFileReference; lastKnownFileType = sourcecode.swift; path = UserModel.swift; sourceTree = "<group>"; };
		8CCB33B927EE1DF700D5E0F7 /* PaginationModel.swift */ = {isa = PBXFileReference; lastKnownFileType = sourcecode.swift; path = PaginationModel.swift; sourceTree = "<group>"; };
		8CCB33BE27EE3F2C00D5E0F7 /* GifMainViewModel.swift */ = {isa = PBXFileReference; lastKnownFileType = sourcecode.swift; path = GifMainViewModel.swift; sourceTree = "<group>"; };
/* End PBXFileReference section */

/* Begin PBXFrameworksBuildPhase section */
		8CCB337327EE10C600D5E0F7 /* Frameworks */ = {
			isa = PBXFrameworksBuildPhase;
			buildActionMask = 2147483647;
			files = (
			);
			runOnlyForDeploymentPostprocessing = 0;
		};
		8CCB338827EE10C700D5E0F7 /* Frameworks */ = {
			isa = PBXFrameworksBuildPhase;
			buildActionMask = 2147483647;
			files = (
			);
			runOnlyForDeploymentPostprocessing = 0;
		};
		8CCB339227EE10C700D5E0F7 /* Frameworks */ = {
			isa = PBXFrameworksBuildPhase;
			buildActionMask = 2147483647;
			files = (
			);
			runOnlyForDeploymentPostprocessing = 0;
		};
/* End PBXFrameworksBuildPhase section */

/* Begin PBXGroup section */
		2E9D2CA227F225DB008C96D2 /* Services */ = {
			isa = PBXGroup;
			children = (
				2E9D2CA327F225F1008C96D2 /* DataProvider.swift */,
			);
			path = Services;
			sourceTree = "<group>";
		};
		2E9D2CA527F2278D008C96D2 /* Services */ = {
			isa = PBXGroup;
			children = (
				2E9D2CA627F227A4008C96D2 /* NetworkManagerMock.swift */,
			);
			path = Services;
			sourceTree = "<group>";
		};
		8C965AAA27EEA7F500E6CBB1 /* DataSource */ = {
			isa = PBXGroup;
			children = (
				8C965AAB27EEA81B00E6CBB1 /* FavoriteGifLocalDataSource.swift */,
			);
			path = DataSource;
			sourceTree = "<group>";
		};
		8CAC61E927EE638B007279A6 /* Utils */ = {
			isa = PBXGroup;
			children = (
				8C965AAD27EF738200E6CBB1 /* UserDefaultUtils.swift */,
				2E9D2C9A27F164CF008C96D2 /* GifUtils.swift */,
			);
			path = Utils;
			sourceTree = "<group>";
		};
		8CCB336D27EE10C600D5E0F7 = {
			isa = PBXGroup;
			children = (
				8CCB337827EE10C600D5E0F7 /* giphyFresh */,
				8CCB338E27EE10C700D5E0F7 /* giphyFreshTests */,
				8CCB339827EE10C800D5E0F7 /* giphyFreshUITests */,
				8CCB337727EE10C600D5E0F7 /* Products */,
			);
			sourceTree = "<group>";
		};
		8CCB337727EE10C600D5E0F7 /* Products */ = {
			isa = PBXGroup;
			children = (
				8CCB337627EE10C600D5E0F7 /* giphyFresh.app */,
				8CCB338B27EE10C700D5E0F7 /* giphyFreshTests.xctest */,
				8CCB339527EE10C700D5E0F7 /* giphyFreshUITests.xctest */,
			);
			name = Products;
			sourceTree = "<group>";
		};
		8CCB337827EE10C600D5E0F7 /* giphyFresh */ = {
			isa = PBXGroup;
			children = (
				8C965AAA27EEA7F500E6CBB1 /* DataSource */,
				8CCB33C227EE421B00D5E0F7 /* View */,
				8CCB33BB27EE1ED100D5E0F7 /* Network */,
				8CCB33A927EE12FC00D5E0F7 /* Model */,
				8CAC61E927EE638B007279A6 /* Utils */,
				8CCB33A827EE12EC00D5E0F7 /* ViewModel */,
				8CCB337927EE10C600D5E0F7 /* giphyFreshApp.swift */,
				8CCB337D27EE10C700D5E0F7 /* Assets.xcassets */,
				8CCB338227EE10C700D5E0F7 /* Persistence.swift */,
				8CCB338427EE10C700D5E0F7 /* giphyFresh.xcdatamodeld */,
				8CCB337F27EE10C700D5E0F7 /* Preview Content */,
			);
			path = giphyFresh;
			sourceTree = "<group>";
		};
		8CCB337F27EE10C700D5E0F7 /* Preview Content */ = {
			isa = PBXGroup;
			children = (
				8CCB338027EE10C700D5E0F7 /* Preview Assets.xcassets */,
			);
			path = "Preview Content";
			sourceTree = "<group>";
		};
		8CCB338E27EE10C700D5E0F7 /* giphyFreshTests */ = {
			isa = PBXGroup;
			children = (
				8CCB338F27EE10C700D5E0F7 /* giphyFreshTests.swift */,
				2E9D2CA527F2278D008C96D2 /* Services */,
			);
			path = giphyFreshTests;
			sourceTree = "<group>";
		};
		8CCB339827EE10C800D5E0F7 /* giphyFreshUITests */ = {
			isa = PBXGroup;
			children = (
				8CCB339927EE10C800D5E0F7 /* giphyFreshUITests.swift */,
				8CCB339B27EE10C800D5E0F7 /* giphyFreshUITestsLaunchTests.swift */,
			);
			path = giphyFreshUITests;
			sourceTree = "<group>";
		};
		8CCB33A827EE12EC00D5E0F7 /* ViewModel */ = {
			isa = PBXGroup;
			children = (
				8CCB33BE27EE3F2C00D5E0F7 /* GifMainViewModel.swift */,
				8C965AA827EEA33600E6CBB1 /* FavoriteViewModel.swift */,
				2E9D2C9C27F16610008C96D2 /* GifViewModel.swift */,
			);
			path = ViewModel;
			sourceTree = "<group>";
		};
		8CCB33A927EE12FC00D5E0F7 /* Model */ = {
			isa = PBXGroup;
			children = (
				8CCB33AC27EE1C2100D5E0F7 /* TrendingResponse */,
			);
			path = Model;
			sourceTree = "<group>";
		};
		8CCB33AC27EE1C2100D5E0F7 /* TrendingResponse */ = {
			isa = PBXGroup;
			children = (
				8CCB33AF27EE1C8E00D5E0F7 /* AnalyticsModel.swift */,
				8CCB33AD27EE1C6E00D5E0F7 /* DataTrendingModel.swift */,
				8CCB33B327EE1D1700D5E0F7 /* ImagesModel.swift */,
				8CCB33B127EE1CE000D5E0F7 /* OnClickModel.swift */,
				8CCB33B527EE1D7400D5E0F7 /* OtherModels.swift */,
				8CCB33B927EE1DF700D5E0F7 /* PaginationModel.swift */,
				8CCB33AA27EE1B9400D5E0F7 /* TrendingResponseModel.swift */,
				8CCB33B727EE1DC000D5E0F7 /* UserModel.swift */,
			);
			path = TrendingResponse;
			sourceTree = "<group>";
		};
		8CCB33BB27EE1ED100D5E0F7 /* Network */ = {
			isa = PBXGroup;
			children = (
				2E9D2CA227F225DB008C96D2 /* Services */,
				2E9D2C9E27F170A9008C96D2 /* NetworkManager.swift */,
			);
			path = Network;
			sourceTree = "<group>";
		};
		8CCB33C227EE421B00D5E0F7 /* View */ = {
			isa = PBXGroup;
			children = (
				8CCB337B27EE10C600D5E0F7 /* ContentView.swift */,
				8C965AA427EE97AE00E6CBB1 /* FavoriteView.swift */,
				8CAC61E727EE53C8007279A6 /* GifView.swift */,
				8C965AA627EE97E100E6CBB1 /* MainView.swift */,
			);
			path = View;
			sourceTree = "<group>";
		};
/* End PBXGroup section */

/* Begin PBXNativeTarget section */
		8CCB337527EE10C600D5E0F7 /* giphyFresh */ = {
			isa = PBXNativeTarget;
			buildConfigurationList = 8CCB339F27EE10C800D5E0F7 /* Build configuration list for PBXNativeTarget "giphyFresh" */;
			buildPhases = (
				8CCB337227EE10C600D5E0F7 /* Sources */,
				8CCB337327EE10C600D5E0F7 /* Frameworks */,
				8CCB337427EE10C600D5E0F7 /* Resources */,
			);
			buildRules = (
			);
			dependencies = (
			);
			name = giphyFresh;
			productName = giphyFresh;
			productReference = 8CCB337627EE10C600D5E0F7 /* giphyFresh.app */;
			productType = "com.apple.product-type.application";
		};
		8CCB338A27EE10C700D5E0F7 /* giphyFreshTests */ = {
			isa = PBXNativeTarget;
			buildConfigurationList = 8CCB33A227EE10C800D5E0F7 /* Build configuration list for PBXNativeTarget "giphyFreshTests" */;
			buildPhases = (
				8CCB338727EE10C700D5E0F7 /* Sources */,
				8CCB338827EE10C700D5E0F7 /* Frameworks */,
				8CCB338927EE10C700D5E0F7 /* Resources */,
			);
			buildRules = (
			);
			dependencies = (
				8CCB338D27EE10C700D5E0F7 /* PBXTargetDependency */,
			);
			name = giphyFreshTests;
			productName = giphyFreshTests;
			productReference = 8CCB338B27EE10C700D5E0F7 /* giphyFreshTests.xctest */;
			productType = "com.apple.product-type.bundle.unit-test";
		};
		8CCB339427EE10C700D5E0F7 /* giphyFreshUITests */ = {
			isa = PBXNativeTarget;
			buildConfigurationList = 8CCB33A527EE10C800D5E0F7 /* Build configuration list for PBXNativeTarget "giphyFreshUITests" */;
			buildPhases = (
				8CCB339127EE10C700D5E0F7 /* Sources */,
				8CCB339227EE10C700D5E0F7 /* Frameworks */,
				8CCB339327EE10C700D5E0F7 /* Resources */,
			);
			buildRules = (
			);
			dependencies = (
				8CCB339727EE10C700D5E0F7 /* PBXTargetDependency */,
			);
			name = giphyFreshUITests;
			productName = giphyFreshUITests;
			productReference = 8CCB339527EE10C700D5E0F7 /* giphyFreshUITests.xctest */;
			productType = "com.apple.product-type.bundle.ui-testing";
		};
/* End PBXNativeTarget section */

/* Begin PBXProject section */
		8CCB336E27EE10C600D5E0F7 /* Project object */ = {
			isa = PBXProject;
			attributes = {
				BuildIndependentTargetsInParallel = 1;
				LastSwiftUpdateCheck = 1330;
				LastUpgradeCheck = 1330;
				TargetAttributes = {
					8CCB337527EE10C600D5E0F7 = {
						CreatedOnToolsVersion = 13.3;
					};
					8CCB338A27EE10C700D5E0F7 = {
						CreatedOnToolsVersion = 13.3;
						TestTargetID = 8CCB337527EE10C600D5E0F7;
					};
					8CCB339427EE10C700D5E0F7 = {
						CreatedOnToolsVersion = 13.3;
						TestTargetID = 8CCB337527EE10C600D5E0F7;
					};
				};
			};
			buildConfigurationList = 8CCB337127EE10C600D5E0F7 /* Build configuration list for PBXProject "giphyFresh" */;
			compatibilityVersion = "Xcode 13.0";
			developmentRegion = en;
			hasScannedForEncodings = 0;
			knownRegions = (
				en,
				Base,
			);
			mainGroup = 8CCB336D27EE10C600D5E0F7;
			productRefGroup = 8CCB337727EE10C600D5E0F7 /* Products */;
			projectDirPath = "";
			projectRoot = "";
			targets = (
				8CCB337527EE10C600D5E0F7 /* giphyFresh */,
				8CCB338A27EE10C700D5E0F7 /* giphyFreshTests */,
				8CCB339427EE10C700D5E0F7 /* giphyFreshUITests */,
			);
		};
/* End PBXProject section */

/* Begin PBXResourcesBuildPhase section */
		8CCB337427EE10C600D5E0F7 /* Resources */ = {
			isa = PBXResourcesBuildPhase;
			buildActionMask = 2147483647;
			files = (
				8CCB338127EE10C700D5E0F7 /* Preview Assets.xcassets in Resources */,
				8CCB337E27EE10C700D5E0F7 /* Assets.xcassets in Resources */,
			);
			runOnlyForDeploymentPostprocessing = 0;
		};
		8CCB338927EE10C700D5E0F7 /* Resources */ = {
			isa = PBXResourcesBuildPhase;
			buildActionMask = 2147483647;
			files = (
			);
			runOnlyForDeploymentPostprocessing = 0;
		};
		8CCB339327EE10C700D5E0F7 /* Resources */ = {
			isa = PBXResourcesBuildPhase;
			buildActionMask = 2147483647;
			files = (
			);
			runOnlyForDeploymentPostprocessing = 0;
		};
/* End PBXResourcesBuildPhase section */

/* Begin PBXSourcesBuildPhase section */
		8CCB337227EE10C600D5E0F7 /* Sources */ = {
			isa = PBXSourcesBuildPhase;
			buildActionMask = 2147483647;
			files = (
				2E9D2CA027F170A9008C96D2 /* NetworkManager.swift in Sources */,
				8C965AA927EEA33600E6CBB1 /* FavoriteViewModel.swift in Sources */,
				2E9D2C9D27F16610008C96D2 /* GifViewModel.swift in Sources */,
				8CCB33B627EE1D7400D5E0F7 /* OtherModels.swift in Sources */,
				8C965AAE27EF738200E6CBB1 /* UserDefaultUtils.swift in Sources */,
				8CCB338627EE10C700D5E0F7 /* giphyFresh.xcdatamodeld in Sources */,
				8CAC61E827EE53C8007279A6 /* GifView.swift in Sources */,
				8CCB33B227EE1CE000D5E0F7 /* OnClickModel.swift in Sources */,
				8CCB33B027EE1C8E00D5E0F7 /* AnalyticsModel.swift in Sources */,
				2E9D2CA427F225F1008C96D2 /* DataProvider.swift in Sources */,
				8CCB338327EE10C700D5E0F7 /* Persistence.swift in Sources */,
				8CCB33AE27EE1C6E00D5E0F7 /* DataTrendingModel.swift in Sources */,
				8CCB33B427EE1D1700D5E0F7 /* ImagesModel.swift in Sources */,
				2E9D2C9B27F164CF008C96D2 /* GifUtils.swift in Sources */,
				8C965AA527EE97AE00E6CBB1 /* FavoriteView.swift in Sources */,
				8CCB33BA27EE1DF700D5E0F7 /* PaginationModel.swift in Sources */,
				8CCB337C27EE10C600D5E0F7 /* ContentView.swift in Sources */,
				8C965AA727EE97E100E6CBB1 /* MainView.swift in Sources */,
				8C965AAC27EEA81B00E6CBB1 /* FavoriteGifLocalDataSource.swift in Sources */,
				8CCB33AB27EE1B9400D5E0F7 /* TrendingResponseModel.swift in Sources */,
				8CCB337A27EE10C600D5E0F7 /* giphyFreshApp.swift in Sources */,
				8CCB33B827EE1DC000D5E0F7 /* UserModel.swift in Sources */,
				8CCB33BF27EE3F2C00D5E0F7 /* GifMainViewModel.swift in Sources */,
			);
			runOnlyForDeploymentPostprocessing = 0;
		};
		8CCB338727EE10C700D5E0F7 /* Sources */ = {
			isa = PBXSourcesBuildPhase;
			buildActionMask = 2147483647;
			files = (
				2E9D2CA727F227A4008C96D2 /* NetworkManagerMock.swift in Sources */,
				8CCB339027EE10C700D5E0F7 /* giphyFreshTests.swift in Sources */,
			);
			runOnlyForDeploymentPostprocessing = 0;
		};
		8CCB339127EE10C700D5E0F7 /* Sources */ = {
			isa = PBXSourcesBuildPhase;
			buildActionMask = 2147483647;
			files = (
				8CCB339A27EE10C800D5E0F7 /* giphyFreshUITests.swift in Sources */,
				8CCB339C27EE10C800D5E0F7 /* giphyFreshUITestsLaunchTests.swift in Sources */,
			);
			runOnlyForDeploymentPostprocessing = 0;
		};
/* End PBXSourcesBuildPhase section */

/* Begin PBXTargetDependency section */
		8CCB338D27EE10C700D5E0F7 /* PBXTargetDependency */ = {
			isa = PBXTargetDependency;
			target = 8CCB337527EE10C600D5E0F7 /* giphyFresh */;
			targetProxy = 8CCB338C27EE10C700D5E0F7 /* PBXContainerItemProxy */;
		};
		8CCB339727EE10C700D5E0F7 /* PBXTargetDependency */ = {
			isa = PBXTargetDependency;
			target = 8CCB337527EE10C600D5E0F7 /* giphyFresh */;
			targetProxy = 8CCB339627EE10C700D5E0F7 /* PBXContainerItemProxy */;
		};
/* End PBXTargetDependency section */

/* Begin XCBuildConfiguration section */
		8CCB339D27EE10C800D5E0F7 /* Debug */ = {
			isa = XCBuildConfiguration;
			buildSettings = {
				ALWAYS_SEARCH_USER_PATHS = NO;
				CLANG_ANALYZER_NONNULL = YES;
				CLANG_ANALYZER_NUMBER_OBJECT_CONVERSION = YES_AGGRESSIVE;
				CLANG_CXX_LANGUAGE_STANDARD = "gnu++17";
				CLANG_ENABLE_MODULES = YES;
				CLANG_ENABLE_OBJC_ARC = YES;
				CLANG_ENABLE_OBJC_WEAK = YES;
				CLANG_WARN_BLOCK_CAPTURE_AUTORELEASING = YES;
				CLANG_WARN_BOOL_CONVERSION = YES;
				CLANG_WARN_COMMA = YES;
				CLANG_WARN_CONSTANT_CONVERSION = YES;
				CLANG_WARN_DEPRECATED_OBJC_IMPLEMENTATIONS = YES;
				CLANG_WARN_DIRECT_OBJC_ISA_USAGE = YES_ERROR;
				CLANG_WARN_DOCUMENTATION_COMMENTS = YES;
				CLANG_WARN_EMPTY_BODY = YES;
				CLANG_WARN_ENUM_CONVERSION = YES;
				CLANG_WARN_INFINITE_RECURSION = YES;
				CLANG_WARN_INT_CONVERSION = YES;
				CLANG_WARN_NON_LITERAL_NULL_CONVERSION = YES;
				CLANG_WARN_OBJC_IMPLICIT_RETAIN_SELF = YES;
				CLANG_WARN_OBJC_LITERAL_CONVERSION = YES;
				CLANG_WARN_OBJC_ROOT_CLASS = YES_ERROR;
				CLANG_WARN_QUOTED_INCLUDE_IN_FRAMEWORK_HEADER = YES;
				CLANG_WARN_RANGE_LOOP_ANALYSIS = YES;
				CLANG_WARN_STRICT_PROTOTYPES = YES;
				CLANG_WARN_SUSPICIOUS_MOVE = YES;
				CLANG_WARN_UNGUARDED_AVAILABILITY = YES_AGGRESSIVE;
				CLANG_WARN_UNREACHABLE_CODE = YES;
				CLANG_WARN__DUPLICATE_METHOD_MATCH = YES;
				COPY_PHASE_STRIP = NO;
				DEBUG_INFORMATION_FORMAT = dwarf;
				ENABLE_STRICT_OBJC_MSGSEND = YES;
				ENABLE_TESTABILITY = YES;
				GCC_C_LANGUAGE_STANDARD = gnu11;
				GCC_DYNAMIC_NO_PIC = NO;
				GCC_NO_COMMON_BLOCKS = YES;
				GCC_OPTIMIZATION_LEVEL = 0;
				GCC_PREPROCESSOR_DEFINITIONS = (
					"DEBUG=1",
					"$(inherited)",
				);
				GCC_WARN_64_TO_32_BIT_CONVERSION = YES;
				GCC_WARN_ABOUT_RETURN_TYPE = YES_ERROR;
				GCC_WARN_UNDECLARED_SELECTOR = YES;
				GCC_WARN_UNINITIALIZED_AUTOS = YES_AGGRESSIVE;
				GCC_WARN_UNUSED_FUNCTION = YES;
				GCC_WARN_UNUSED_VARIABLE = YES;
				IPHONEOS_DEPLOYMENT_TARGET = 15.2;
				MTL_ENABLE_DEBUG_INFO = INCLUDE_SOURCE;
				MTL_FAST_MATH = YES;
				ONLY_ACTIVE_ARCH = YES;
				SDKROOT = iphoneos;
				SWIFT_ACTIVE_COMPILATION_CONDITIONS = DEBUG;
				SWIFT_OPTIMIZATION_LEVEL = "-Onone";
			};
			name = Debug;
		};
		8CCB339E27EE10C800D5E0F7 /* Release */ = {
			isa = XCBuildConfiguration;
			buildSettings = {
				ALWAYS_SEARCH_USER_PATHS = NO;
				CLANG_ANALYZER_NONNULL = YES;
				CLANG_ANALYZER_NUMBER_OBJECT_CONVERSION = YES_AGGRESSIVE;
				CLANG_CXX_LANGUAGE_STANDARD = "gnu++17";
				CLANG_ENABLE_MODULES = YES;
				CLANG_ENABLE_OBJC_ARC = YES;
				CLANG_ENABLE_OBJC_WEAK = YES;
				CLANG_WARN_BLOCK_CAPTURE_AUTORELEASING = YES;
				CLANG_WARN_BOOL_CONVERSION = YES;
				CLANG_WARN_COMMA = YES;
				CLANG_WARN_CONSTANT_CONVERSION = YES;
				CLANG_WARN_DEPRECATED_OBJC_IMPLEMENTATIONS = YES;
				CLANG_WARN_DIRECT_OBJC_ISA_USAGE = YES_ERROR;
				CLANG_WARN_DOCUMENTATION_COMMENTS = YES;
				CLANG_WARN_EMPTY_BODY = YES;
				CLANG_WARN_ENUM_CONVERSION = YES;
				CLANG_WARN_INFINITE_RECURSION = YES;
				CLANG_WARN_INT_CONVERSION = YES;
				CLANG_WARN_NON_LITERAL_NULL_CONVERSION = YES;
				CLANG_WARN_OBJC_IMPLICIT_RETAIN_SELF = YES;
				CLANG_WARN_OBJC_LITERAL_CONVERSION = YES;
				CLANG_WARN_OBJC_ROOT_CLASS = YES_ERROR;
				CLANG_WARN_QUOTED_INCLUDE_IN_FRAMEWORK_HEADER = YES;
				CLANG_WARN_RANGE_LOOP_ANALYSIS = YES;
				CLANG_WARN_STRICT_PROTOTYPES = YES;
				CLANG_WARN_SUSPICIOUS_MOVE = YES;
				CLANG_WARN_UNGUARDED_AVAILABILITY = YES_AGGRESSIVE;
				CLANG_WARN_UNREACHABLE_CODE = YES;
				CLANG_WARN__DUPLICATE_METHOD_MATCH = YES;
				COPY_PHASE_STRIP = NO;
				DEBUG_INFORMATION_FORMAT = "dwarf-with-dsym";
				ENABLE_NS_ASSERTIONS = NO;
				ENABLE_STRICT_OBJC_MSGSEND = YES;
				GCC_C_LANGUAGE_STANDARD = gnu11;
				GCC_NO_COMMON_BLOCKS = YES;
				GCC_WARN_64_TO_32_BIT_CONVERSION = YES;
				GCC_WARN_ABOUT_RETURN_TYPE = YES_ERROR;
				GCC_WARN_UNDECLARED_SELECTOR = YES;
				GCC_WARN_UNINITIALIZED_AUTOS = YES_AGGRESSIVE;
				GCC_WARN_UNUSED_FUNCTION = YES;
				GCC_WARN_UNUSED_VARIABLE = YES;
				IPHONEOS_DEPLOYMENT_TARGET = 15.2;
				MTL_ENABLE_DEBUG_INFO = NO;
				MTL_FAST_MATH = YES;
				SDKROOT = iphoneos;
				SWIFT_COMPILATION_MODE = wholemodule;
				SWIFT_OPTIMIZATION_LEVEL = "-O";
				VALIDATE_PRODUCT = YES;
			};
			name = Release;
		};
		8CCB33A027EE10C800D5E0F7 /* Debug */ = {
			isa = XCBuildConfiguration;
			buildSettings = {
				ASSETCATALOG_COMPILER_APPICON_NAME = AppIcon;
				ASSETCATALOG_COMPILER_GLOBAL_ACCENT_COLOR_NAME = AccentColor;
				CODE_SIGN_STYLE = Automatic;
				CURRENT_PROJECT_VERSION = 1;
				DEVELOPMENT_ASSET_PATHS = "\"giphyFresh/Preview Content\"";
				DEVELOPMENT_TEAM = U76E4PGKS7;
				ENABLE_PREVIEWS = YES;
				GENERATE_INFOPLIST_FILE = YES;
				INFOPLIST_KEY_UIApplicationSceneManifest_Generation = YES;
				INFOPLIST_KEY_UIApplicationSupportsIndirectInputEvents = YES;
				INFOPLIST_KEY_UILaunchScreen_Generation = YES;
				INFOPLIST_KEY_UISupportedInterfaceOrientations_iPad = "UIInterfaceOrientationPortrait UIInterfaceOrientationPortraitUpsideDown UIInterfaceOrientationLandscapeLeft UIInterfaceOrientationLandscapeRight";
				INFOPLIST_KEY_UISupportedInterfaceOrientations_iPhone = "UIInterfaceOrientationPortrait UIInterfaceOrientationLandscapeLeft UIInterfaceOrientationLandscapeRight";
				LD_RUNPATH_SEARCH_PATHS = (
					"$(inherited)",
					"@executable_path/Frameworks",
				);
				MARKETING_VERSION = 1.0;
				PRODUCT_BUNDLE_IDENTIFIER = com.selvamatik.fresh.giphyFresh;
				PRODUCT_NAME = "$(TARGET_NAME)";
				SWIFT_EMIT_LOC_STRINGS = YES;
				SWIFT_VERSION = 5.0;
				TARGETED_DEVICE_FAMILY = "1,2";
			};
			name = Debug;
		};
		8CCB33A127EE10C800D5E0F7 /* Release */ = {
			isa = XCBuildConfiguration;
			buildSettings = {
				ASSETCATALOG_COMPILER_APPICON_NAME = AppIcon;
				ASSETCATALOG_COMPILER_GLOBAL_ACCENT_COLOR_NAME = AccentColor;
				CODE_SIGN_STYLE = Automatic;
				CURRENT_PROJECT_VERSION = 1;
				DEVELOPMENT_ASSET_PATHS = "\"giphyFresh/Preview Content\"";
				DEVELOPMENT_TEAM = U76E4PGKS7;
				ENABLE_PREVIEWS = YES;
				GENERATE_INFOPLIST_FILE = YES;
				INFOPLIST_KEY_UIApplicationSceneManifest_Generation = YES;
				INFOPLIST_KEY_UIApplicationSupportsIndirectInputEvents = YES;
				INFOPLIST_KEY_UILaunchScreen_Generation = YES;
				INFOPLIST_KEY_UISupportedInterfaceOrientations_iPad = "UIInterfaceOrientationPortrait UIInterfaceOrientationPortraitUpsideDown UIInterfaceOrientationLandscapeLeft UIInterfaceOrientationLandscapeRight";
				INFOPLIST_KEY_UISupportedInterfaceOrientations_iPhone = "UIInterfaceOrientationPortrait UIInterfaceOrientationLandscapeLeft UIInterfaceOrientationLandscapeRight";
				LD_RUNPATH_SEARCH_PATHS = (
					"$(inherited)",
					"@executable_path/Frameworks",
				);
				MARKETING_VERSION = 1.0;
				PRODUCT_BUNDLE_IDENTIFIER = com.selvamatik.fresh.giphyFresh;
				PRODUCT_NAME = "$(TARGET_NAME)";
				SWIFT_EMIT_LOC_STRINGS = YES;
				SWIFT_VERSION = 5.0;
				TARGETED_DEVICE_FAMILY = "1,2";
			};
			name = Release;
		};
		8CCB33A327EE10C800D5E0F7 /* Debug */ = {
			isa = XCBuildConfiguration;
			buildSettings = {
				ALWAYS_EMBED_SWIFT_STANDARD_LIBRARIES = YES;
				BUNDLE_LOADER = "$(TEST_HOST)";
				CODE_SIGN_STYLE = Automatic;
				CURRENT_PROJECT_VERSION = 1;
				DEVELOPMENT_TEAM = U76E4PGKS7;
				GENERATE_INFOPLIST_FILE = YES;
				IPHONEOS_DEPLOYMENT_TARGET = 15.2;
				MARKETING_VERSION = 1.0;
				PRODUCT_BUNDLE_IDENTIFIER = com.selvamatik.fresh.giphyFreshTests;
				PRODUCT_NAME = "$(TARGET_NAME)";
				SWIFT_EMIT_LOC_STRINGS = NO;
				SWIFT_VERSION = 5.0;
				TARGETED_DEVICE_FAMILY = "1,2";
				TEST_HOST = "$(BUILT_PRODUCTS_DIR)/giphyFresh.app/giphyFresh";
			};
			name = Debug;
		};
		8CCB33A427EE10C800D5E0F7 /* Release */ = {
			isa = XCBuildConfiguration;
			buildSettings = {
				ALWAYS_EMBED_SWIFT_STANDARD_LIBRARIES = YES;
				BUNDLE_LOADER = "$(TEST_HOST)";
				CODE_SIGN_STYLE = Automatic;
				CURRENT_PROJECT_VERSION = 1;
				DEVELOPMENT_TEAM = U76E4PGKS7;
				GENERATE_INFOPLIST_FILE = YES;
				IPHONEOS_DEPLOYMENT_TARGET = 15.2;
				MARKETING_VERSION = 1.0;
				PRODUCT_BUNDLE_IDENTIFIER = com.selvamatik.fresh.giphyFreshTests;
				PRODUCT_NAME = "$(TARGET_NAME)";
				SWIFT_EMIT_LOC_STRINGS = NO;
				SWIFT_VERSION = 5.0;
				TARGETED_DEVICE_FAMILY = "1,2";
				TEST_HOST = "$(BUILT_PRODUCTS_DIR)/giphyFresh.app/giphyFresh";
			};
			name = Release;
		};
		8CCB33A627EE10C800D5E0F7 /* Debug */ = {
			isa = XCBuildConfiguration;
			buildSettings = {
				ALWAYS_EMBED_SWIFT_STANDARD_LIBRARIES = YES;
				CODE_SIGN_STYLE = Automatic;
				CURRENT_PROJECT_VERSION = 1;
				DEVELOPMENT_TEAM = U76E4PGKS7;
				GENERATE_INFOPLIST_FILE = YES;
				MARKETING_VERSION = 1.0;
				PRODUCT_BUNDLE_IDENTIFIER = com.selvamatik.fresh.giphyFreshUITests;
				PRODUCT_NAME = "$(TARGET_NAME)";
				SWIFT_EMIT_LOC_STRINGS = NO;
				SWIFT_VERSION = 5.0;
				TARGETED_DEVICE_FAMILY = "1,2";
				TEST_TARGET_NAME = giphyFresh;
			};
			name = Debug;
		};
		8CCB33A727EE10C800D5E0F7 /* Release */ = {
			isa = XCBuildConfiguration;
			buildSettings = {
				ALWAYS_EMBED_SWIFT_STANDARD_LIBRARIES = YES;
				CODE_SIGN_STYLE = Automatic;
				CURRENT_PROJECT_VERSION = 1;
				DEVELOPMENT_TEAM = U76E4PGKS7;
				GENERATE_INFOPLIST_FILE = YES;
				MARKETING_VERSION = 1.0;
				PRODUCT_BUNDLE_IDENTIFIER = com.selvamatik.fresh.giphyFreshUITests;
				PRODUCT_NAME = "$(TARGET_NAME)";
				SWIFT_EMIT_LOC_STRINGS = NO;
				SWIFT_VERSION = 5.0;
				TARGETED_DEVICE_FAMILY = "1,2";
				TEST_TARGET_NAME = giphyFresh;
			};
			name = Release;
		};
/* End XCBuildConfiguration section */

/* Begin XCConfigurationList section */
		8CCB337127EE10C600D5E0F7 /* Build configuration list for PBXProject "giphyFresh" */ = {
			isa = XCConfigurationList;
			buildConfigurations = (
				8CCB339D27EE10C800D5E0F7 /* Debug */,
				8CCB339E27EE10C800D5E0F7 /* Release */,
			);
			defaultConfigurationIsVisible = 0;
			defaultConfigurationName = Release;
		};
		8CCB339F27EE10C800D5E0F7 /* Build configuration list for PBXNativeTarget "giphyFresh" */ = {
			isa = XCConfigurationList;
			buildConfigurations = (
				8CCB33A027EE10C800D5E0F7 /* Debug */,
				8CCB33A127EE10C800D5E0F7 /* Release */,
			);
			defaultConfigurationIsVisible = 0;
			defaultConfigurationName = Release;
		};
		8CCB33A227EE10C800D5E0F7 /* Build configuration list for PBXNativeTarget "giphyFreshTests" */ = {
			isa = XCConfigurationList;
			buildConfigurations = (
				8CCB33A327EE10C800D5E0F7 /* Debug */,
				8CCB33A427EE10C800D5E0F7 /* Release */,
			);
			defaultConfigurationIsVisible = 0;
			defaultConfigurationName = Release;
		};
		8CCB33A527EE10C800D5E0F7 /* Build configuration list for PBXNativeTarget "giphyFreshUITests" */ = {
			isa = XCConfigurationList;
			buildConfigurations = (
				8CCB33A627EE10C800D5E0F7 /* Debug */,
				8CCB33A727EE10C800D5E0F7 /* Release */,
			);
			defaultConfigurationIsVisible = 0;
			defaultConfigurationName = Release;
		};
/* End XCConfigurationList section */

/* Begin XCVersionGroup section */
		8CCB338427EE10C700D5E0F7 /* giphyFresh.xcdatamodeld */ = {
			isa = XCVersionGroup;
			children = (
				8CCB338527EE10C700D5E0F7 /* giphyFresh.xcdatamodel */,
			);
			currentVersion = 8CCB338527EE10C700D5E0F7 /* giphyFresh.xcdatamodel */;
			path = giphyFresh.xcdatamodeld;
			sourceTree = "<group>";
			versionGroupType = wrapper.xcdatamodel;
		};
/* End XCVersionGroup section */
	};
	rootObject = 8CCB336E27EE10C600D5E0F7 /* Project object */;
}
